
Microsoft Visual Studio Solution File, Format Version 12.00
# Visual Studio Version 17
VisualStudioVersion = 17.4.33122.133
MinimumVisualStudioVersion = 10.0.40219.1
Project("{8BC9CEB8-8B4A-11D0-8D11-00A0C91BC942}") = "zad 2", "zad 2.vcxproj", "{8F554E6C-880E-4433-B820-A0C1C6B77C1E}"
EndProject
Global
	GlobalSection(SolutionConfigurationPlatforms) = preSolution
		Debug|x64 = Debug|x64
		Debug|x86 = Debug|x86
		Release|x64 = Release|x64
		Release|x86 = Release|x86
	EndGlobalSection
	GlobalSection(ProjectConfigurationPlatforms) = postSolution
		{8F554E6C-880E-4433-B820-A0C1C6B77C1E}.Debug|x64.ActiveCfg = Debug|x64
		{8F554E6C-880E-4433-B820-A0C1C6B77C1E}.Debug|x64.Build.0 = Debug|x64
		{8F554E6C-880E-4433-B820-A0C1C6B77C1E}.Debug|x86.ActiveCfg = Debug|Win32
		{8F554E6C-880E-4433-B820-A0C1C6B77C1E}.Debug|x86.Build.0 = Debug|Win32
		{8F554E6C-880E-4433-B820-A0C1C6B77C1E}.Release|x64.ActiveCfg = Release|x64
		{8F554E6C-880E-4433-B820-A0C1C6B77C1E}.Release|x64.Build.0 = Release|x64
		{8F554E6C-880E-4433-B820-A0C1C6B77C1E}.Release|x86.ActiveCfg = Release|Win32
		{8F554E6C-880E-4433-B820-A0C1C6B77C1E}.Release|x86.Build.0 = Release|Win32
	EndGlobalSection
	GlobalSection(SolutionProperties) = preSolution
		HideSolutionNode = FALSE
	EndGlobalSection
	GlobalSection(ExtensibilityGlobals) = postSolution
		SolutionGuid = {36AE79A9-AF9A-4EDB-93C6-D31C5578DE6E}
	EndGlobalSection
EndGlobal
